
Microsoft Visual Studio Solution File, Format Version 12.00
# Visual Studio Version 17
VisualStudioVersion = 17.4.33205.214
MinimumVisualStudioVersion = 10.0.40219.1
Project("{FAE04EC0-301F-11D3-BF4B-00C04F79EFBC}") = "ConsoleApp1", "ConsoleApp1.csproj", "{752ADB57-02B9-43DA-B30D-D12226CF4C76}"
EndProject
Global
	GlobalSection(SolutionConfigurationPlatforms) = preSolution
		Debug|Any CPU = Debug|Any CPU
		Release|Any CPU = Release|Any CPU
	EndGlobalSection
	GlobalSection(ProjectConfigurationPlatforms) = postSolution
		{752ADB57-02B9-43DA-B30D-D12226CF4C76}.Debug|Any CPU.ActiveCfg = Debug|Any CPU
		{752ADB57-02B9-43DA-B30D-D12226CF4C76}.Debug|Any CPU.Build.0 = Debug|Any CPU
		{752ADB57-02B9-43DA-B30D-D12226CF4C76}.Release|Any CPU.ActiveCfg = Release|Any CPU
		{752ADB57-02B9-43DA-B30D-D12226CF4C76}.Release|Any CPU.Build.0 = Release|Any CPU
	EndGlobalSection
	GlobalSection(SolutionProperties) = preSolution
		HideSolutionNode = FALSE
	EndGlobalSection
	GlobalSection(ExtensibilityGlobals) = postSolution
		SolutionGuid = {6123C3D2-783A-4C37-B6C2-BA5DA8499060}
	EndGlobalSection
EndGlobal
